
Microsoft Visual Studio Solution File, Format Version 12.00
# Visual Studio Version 17
VisualStudioVersion = 17.13.35931.197 d17.13
MinimumVisualStudioVersion = 10.0.40219.1
Project("{FAE04EC0-301F-11D3-BF4B-00C04F79EFBC}") = "AreebTechnologyTask", "AreebTechnologyTask\AreebTechnologyTask.csproj", "{DE569B68-5E55-4650-8861-02C0E9D8D3EF}"
EndProject
Global
	GlobalSection(SolutionConfigurationPlatforms) = preSolution
		Debug|Any CPU = Debug|Any CPU
		Release|Any CPU = Release|Any CPU
	EndGlobalSection
	GlobalSection(ProjectConfigurationPlatforms) = postSolution
		{DE569B68-5E55-4650-8861-02C0E9D8D3EF}.Debug|Any CPU.ActiveCfg = Debug|Any CPU
		{DE569B68-5E55-4650-8861-02C0E9D8D3EF}.Debug|Any CPU.Build.0 = Debug|Any CPU
		{DE569B68-5E55-4650-8861-02C0E9D8D3EF}.Release|Any CPU.ActiveCfg = Release|Any CPU
		{DE569B68-5E55-4650-8861-02C0E9D8D3EF}.Release|Any CPU.Build.0 = Release|Any CPU
	EndGlobalSection
	GlobalSection(SolutionProperties) = preSolution
		HideSolutionNode = FALSE
	EndGlobalSection
	GlobalSection(ExtensibilityGlobals) = postSolution
		SolutionGuid = {66EB8783-23DB-47D9-8FB6-FD719FDB1065}
	EndGlobalSection
EndGlobal
